lockfileVersion: '9.0'

settings:
  autoInstallPeers: true
  excludeLinksFromLockfile: false

importers:

  .:
    dependencies:
      sweetalert2:
        specifier: ^11.21.2
        version: 11.21.2

packages:

  sweetalert2@11.21.2:
    resolution: {integrity: sha512-DNNFzx16LBQDZh7r5WOfeAfWZBdEdLHl3+tpO9Z1WWKMzdsgBgpLPBduJWVNMB283HYcm8ex99clLYXki21hdA==}

snapshots:

  sweetalert2@11.21.2: {}
